
Microsoft Visual Studio Solution File, Format Version 12.00
# Visual Studio Version 16
VisualStudioVersion = 16.0.29613.14
MinimumVisualStudioVersion = 10.0.40219.1
Project("{9092AA53-FB77-4645-B42D-1CCCA6BD08BD}") = "Cooking", "Cooking\Cooking.njsproj", "{26581D8B-5E27-44C8-A008-D7F681B30030}"
EndProject
Global
	GlobalSection(SolutionConfigurationPlatforms) = preSolution
		Debug|Any CPU = Debug|Any CPU
		Release|Any CPU = Release|Any CPU
	EndGlobalSection
	GlobalSection(ProjectConfigurationPlatforms) = postSolution
		{26581D8B-5E27-44C8-A008-D7F681B30030}.Debug|Any CPU.ActiveCfg = Debug|Any CPU
		{26581D8B-5E27-44C8-A008-D7F681B30030}.Debug|Any CPU.Build.0 = Debug|Any CPU
		{26581D8B-5E27-44C8-A008-D7F681B30030}.Release|Any CPU.ActiveCfg = Release|Any CPU
		{26581D8B-5E27-44C8-A008-D7F681B30030}.Release|Any CPU.Build.0 = Release|Any CPU
	EndGlobalSection
	GlobalSection(SolutionProperties) = preSolution
		HideSolutionNode = FALSE
	EndGlobalSection
	GlobalSection(ExtensibilityGlobals) = postSolution
		SolutionGuid = {E840DC27-C769-47C3-A269-85701635C4C6}
	EndGlobalSection
EndGlobal
